
Microsoft Visual Studio Solution File, Format Version 12.00
# Visual Studio Version 17
VisualStudioVersion = 17.8.34309.116
MinimumVisualStudioVersion = 10.0.40219.1
Project("{FAE04EC0-301F-11D3-BF4B-00C04F79EFBC}") = "BlazorDynamicFormApp", "BlazorDynamicFormApp\BlazorDynamicFormApp\BlazorDynamicFormApp.csproj", "{1459F4E7-8B79-49CD-9BD1-FE385796EF9C}"
EndProject
Project("{FAE04EC0-301F-11D3-BF4B-00C04F79EFBC}") = "BlazorDynamicFormApp.Client", "BlazorDynamicFormApp\BlazorDynamicFormApp.Client\BlazorDynamicFormApp.Client.csproj", "{DBC0DB9C-2574-496E-AB63-0DE9001ECC18}"
EndProject
Global
	GlobalSection(SolutionConfigurationPlatforms) = preSolution
		Debug|Any CPU = Debug|Any CPU
		Release|Any CPU = Release|Any CPU
	EndGlobalSection
	GlobalSection(ProjectConfigurationPlatforms) = postSolution
		{1459F4E7-8B79-49CD-9BD1-FE385796EF9C}.Debug|Any CPU.ActiveCfg = Debug|Any CPU
		{1459F4E7-8B79-49CD-9BD1-FE385796EF9C}.Debug|Any CPU.Build.0 = Debug|Any CPU
		{1459F4E7-8B79-49CD-9BD1-FE385796EF9C}.Release|Any CPU.ActiveCfg = Release|Any CPU
		{1459F4E7-8B79-49CD-9BD1-FE385796EF9C}.Release|Any CPU.Build.0 = Release|Any CPU
		{DBC0DB9C-2574-496E-AB63-0DE9001ECC18}.Debug|Any CPU.ActiveCfg = Debug|Any CPU
		{DBC0DB9C-2574-496E-AB63-0DE9001ECC18}.Debug|Any CPU.Build.0 = Debug|Any CPU
		{DBC0DB9C-2574-496E-AB63-0DE9001ECC18}.Release|Any CPU.ActiveCfg = Release|Any CPU
		{DBC0DB9C-2574-496E-AB63-0DE9001ECC18}.Release|Any CPU.Build.0 = Release|Any CPU
	EndGlobalSection
	GlobalSection(SolutionProperties) = preSolution
		HideSolutionNode = FALSE
	EndGlobalSection
	GlobalSection(ExtensibilityGlobals) = postSolution
		SolutionGuid = {F4DD2DBA-AB44-44E6-ABA0-2C13E62EE759}
	EndGlobalSection
EndGlobal
